
Microsoft Visual Studio Solution File, Format Version 12.00
# Visual Studio Version 17
VisualStudioVersion = 17.8.34330.188
MinimumVisualStudioVersion = 10.0.40219.1
Project("{FAE04EC0-301F-11D3-BF4B-00C04F79EFBC}") = "RepositoryPattern", "RepositoryPattern\RepositoryPattern.csproj", "{B44EF0ED-E2A7-4E76-8EE8-DB1D2DD8075E}"
EndProject
Global
	GlobalSection(SolutionConfigurationPlatforms) = preSolution
		Debug|Any CPU = Debug|Any CPU
		Release|Any CPU = Release|Any CPU
	EndGlobalSection
	GlobalSection(ProjectConfigurationPlatforms) = postSolution
		{B44EF0ED-E2A7-4E76-8EE8-DB1D2DD8075E}.Debug|Any CPU.ActiveCfg = Debug|Any CPU
		{B44EF0ED-E2A7-4E76-8EE8-DB1D2DD8075E}.Debug|Any CPU.Build.0 = Debug|Any CPU
		{B44EF0ED-E2A7-4E76-8EE8-DB1D2DD8075E}.Release|Any CPU.ActiveCfg = Release|Any CPU
		{B44EF0ED-E2A7-4E76-8EE8-DB1D2DD8075E}.Release|Any CPU.Build.0 = Release|Any CPU
	EndGlobalSection
	GlobalSection(SolutionProperties) = preSolution
		HideSolutionNode = FALSE
	EndGlobalSection
	GlobalSection(ExtensibilityGlobals) = postSolution
		SolutionGuid = {ACF1C67D-968B-48A1-87B9-F060C0EEA051}
	EndGlobalSection
EndGlobal
